
Microsoft Visual Studio Solution File, Format Version 12.00
# Visual Studio Version 17
VisualStudioVersion = 17.8.34316.72
MinimumVisualStudioVersion = 10.0.40219.1
Project("{9A19103F-16F7-4668-BE54-9A1E7A4F7556}") = "TestTelerikGrid", "TestTelerikGrid\TestTelerikGrid.csproj", "{97909AB3-47FD-4BEB-87AE-8A848CA03028}"
EndProject
Project("{9A19103F-16F7-4668-BE54-9A1E7A4F7556}") = "TestTelerikListView", "TestTelerikListView\TestTelerikListView.csproj", "{073066B5-1874-4D7E-9DC8-1B38A3872DDB}"
EndProject
Project("{9A19103F-16F7-4668-BE54-9A1E7A4F7556}") = "DataDummyProvider", "DataDummyProvider\DataDummyProvider.csproj", "{B9EEF889-CE27-428A-9FFE-9A036BC2C2EA}"
EndProject
Global
	GlobalSection(SolutionConfigurationPlatforms) = preSolution
		Debug|Any CPU = Debug|Any CPU
		Release|Any CPU = Release|Any CPU
	EndGlobalSection
	GlobalSection(ProjectConfigurationPlatforms) = postSolution
		{97909AB3-47FD-4BEB-87AE-8A848CA03028}.Debug|Any CPU.ActiveCfg = Debug|Any CPU
		{97909AB3-47FD-4BEB-87AE-8A848CA03028}.Debug|Any CPU.Build.0 = Debug|Any CPU
		{97909AB3-47FD-4BEB-87AE-8A848CA03028}.Release|Any CPU.ActiveCfg = Release|Any CPU
		{97909AB3-47FD-4BEB-87AE-8A848CA03028}.Release|Any CPU.Build.0 = Release|Any CPU
		{073066B5-1874-4D7E-9DC8-1B38A3872DDB}.Debug|Any CPU.ActiveCfg = Debug|Any CPU
		{073066B5-1874-4D7E-9DC8-1B38A3872DDB}.Debug|Any CPU.Build.0 = Debug|Any CPU
		{073066B5-1874-4D7E-9DC8-1B38A3872DDB}.Release|Any CPU.ActiveCfg = Release|Any CPU
		{073066B5-1874-4D7E-9DC8-1B38A3872DDB}.Release|Any CPU.Build.0 = Release|Any CPU
		{B9EEF889-CE27-428A-9FFE-9A036BC2C2EA}.Debug|Any CPU.ActiveCfg = Debug|Any CPU
		{B9EEF889-CE27-428A-9FFE-9A036BC2C2EA}.Debug|Any CPU.Build.0 = Debug|Any CPU
		{B9EEF889-CE27-428A-9FFE-9A036BC2C2EA}.Release|Any CPU.ActiveCfg = Release|Any CPU
		{B9EEF889-CE27-428A-9FFE-9A036BC2C2EA}.Release|Any CPU.Build.0 = Release|Any CPU
	EndGlobalSection
	GlobalSection(SolutionProperties) = preSolution
		HideSolutionNode = FALSE
	EndGlobalSection
	GlobalSection(ExtensibilityGlobals) = postSolution
		SolutionGuid = {31686BCE-1154-4766-B8A6-F6B4DEF5DF3C}
	EndGlobalSection
EndGlobal
